
Microsoft Visual Studio Solution File, Format Version 12.00
Project("{FAE04EC0-301F-11D3-BF4B-00C04F79EFBC}") = "PocDotNet5.Api", "src\PocDotNet5.Api\PocDotNet5.Api.csproj", "{A9AB397C-AC42-42F0-A944-C8588DEE3ADA}"
EndProject
Project("{FAE04EC0-301F-11D3-BF4B-00C04F79EFBC}") = "PocDotNet5.UnitTests", "test\PocDotNet5.UnitTests\PocDotNet5.UnitTests.csproj", "{3E87F38F-3244-4578-994B-36ABE21ACDBB}"
EndProject
Global
	GlobalSection(SolutionConfigurationPlatforms) = preSolution
		Debug|Any CPU = Debug|Any CPU
		Release|Any CPU = Release|Any CPU
	EndGlobalSection
	GlobalSection(ProjectConfigurationPlatforms) = postSolution
		{A9AB397C-AC42-42F0-A944-C8588DEE3ADA}.Debug|Any CPU.ActiveCfg = Debug|Any CPU
		{A9AB397C-AC42-42F0-A944-C8588DEE3ADA}.Debug|Any CPU.Build.0 = Debug|Any CPU
		{A9AB397C-AC42-42F0-A944-C8588DEE3ADA}.Release|Any CPU.ActiveCfg = Release|Any CPU
		{A9AB397C-AC42-42F0-A944-C8588DEE3ADA}.Release|Any CPU.Build.0 = Release|Any CPU
		{3E87F38F-3244-4578-994B-36ABE21ACDBB}.Debug|Any CPU.ActiveCfg = Debug|Any CPU
		{3E87F38F-3244-4578-994B-36ABE21ACDBB}.Debug|Any CPU.Build.0 = Debug|Any CPU
		{3E87F38F-3244-4578-994B-36ABE21ACDBB}.Release|Any CPU.ActiveCfg = Release|Any CPU
		{3E87F38F-3244-4578-994B-36ABE21ACDBB}.Release|Any CPU.Build.0 = Release|Any CPU
	EndGlobalSection
EndGlobal
